
Microsoft Visual Studio Solution File, Format Version 12.00
# Visual Studio Version 17
VisualStudioVersion = 17.11.35312.102
MinimumVisualStudioVersion = 10.0.40219.1
Project("{FAE04EC0-301F-11D3-BF4B-00C04F79EFBC}") = "Ejerc_07_mayor-menor", "Ejerc_07_mayor-menor\Ejerc_07_mayor-menor.csproj", "{217FDAC7-D6C1-49D9-A168-328DA83247AA}"
EndProject
Global
	GlobalSection(SolutionConfigurationPlatforms) = preSolution
		Debug|Any CPU = Debug|Any CPU
		Release|Any CPU = Release|Any CPU
	EndGlobalSection
	GlobalSection(ProjectConfigurationPlatforms) = postSolution
		{217FDAC7-D6C1-49D9-A168-328DA83247AA}.Debug|Any CPU.ActiveCfg = Debug|Any CPU
		{217FDAC7-D6C1-49D9-A168-328DA83247AA}.Debug|Any CPU.Build.0 = Debug|Any CPU
		{217FDAC7-D6C1-49D9-A168-328DA83247AA}.Release|Any CPU.ActiveCfg = Release|Any CPU
		{217FDAC7-D6C1-49D9-A168-328DA83247AA}.Release|Any CPU.Build.0 = Release|Any CPU
	EndGlobalSection
	GlobalSection(SolutionProperties) = preSolution
		HideSolutionNode = FALSE
	EndGlobalSection
	GlobalSection(ExtensibilityGlobals) = postSolution
		SolutionGuid = {21516E30-2275-4022-8F39-6D3DC4B30892}
	EndGlobalSection
EndGlobal
