
Microsoft Visual Studio Solution File, Format Version 12.00
# Visual Studio Version 17
VisualStudioVersion = 17.11.35312.102
MinimumVisualStudioVersion = 10.0.40219.1
Project("{FAE04EC0-301F-11D3-BF4B-00C04F79EFBC}") = "Ejerc_04_nota", "Ejerc_04_nota\Ejerc_04_nota.csproj", "{EE539CCA-4FF9-4410-AFF5-8BFC0CEB782D}"
EndProject
Global
	GlobalSection(SolutionConfigurationPlatforms) = preSolution
		Debug|Any CPU = Debug|Any CPU
		Release|Any CPU = Release|Any CPU
	EndGlobalSection
	GlobalSection(ProjectConfigurationPlatforms) = postSolution
		{EE539CCA-4FF9-4410-AFF5-8BFC0CEB782D}.Debug|Any CPU.ActiveCfg = Debug|Any CPU
		{EE539CCA-4FF9-4410-AFF5-8BFC0CEB782D}.Debug|Any CPU.Build.0 = Debug|Any CPU
		{EE539CCA-4FF9-4410-AFF5-8BFC0CEB782D}.Release|Any CPU.ActiveCfg = Release|Any CPU
		{EE539CCA-4FF9-4410-AFF5-8BFC0CEB782D}.Release|Any CPU.Build.0 = Release|Any CPU
	EndGlobalSection
	GlobalSection(SolutionProperties) = preSolution
		HideSolutionNode = FALSE
	EndGlobalSection
	GlobalSection(ExtensibilityGlobals) = postSolution
		SolutionGuid = {5273BD13-5334-43AC-B942-CDD7D38CA922}
	EndGlobalSection
EndGlobal
